{
  "requires": true,
  "lockfileVersion": 1,
  "dependencies": {
    "crypto-js": {
      "version": "3.1.9-1",
      "resolved": "https://registry.npmjs.org/crypto-js/-/crypto-js-3.1.9-1.tgz",
      "integrity": "sha1-/aGedh/Ad+Af+/3G6f38WeiAbNg="
    },
    "inherits": {
      "version": "2.0.3",
      "resolved": "https://registry.npmjs.org/inherits/-/inherits-2.0.3.tgz",
      "integrity": "sha1-Yzwsg+PaQqUC9SRmAiSA9CCCYd4="
    },
    "safe-buffer": {
      "version": "5.1.1",
      "resolved": "https://registry.npmjs.org/safe-buffer/-/safe-buffer-5.1.1.tgz",
      "integrity": "sha512-kKvNJn6Mm93gAczWVJg7wH+wGYWNrDHdWvpUmHyEsgCtIwwo3bqPtV4tR5tuPaUhTOo/kvhVwd8XwwOllGYkbg=="
    },
    "sha.js": {
      "version": "2.4.11",
      "resolved": "https://registry.npmjs.org/sha.js/-/sha.js-2.4.11.tgz",
      "integrity": "sha512-QMEp5B7cftE7APOjk5Y6xgrbWu+WkLVQwk8JNjZ8nKRciZaByEW6MubieAiToS7+dwvrjGhH8jRXz3MVd0AYqQ==",
      "requires": {
        "inherits": "2.0.3",
        "safe-buffer": "5.1.1"
      }
    }
  }
}
